
Microsoft Visual Studio Solution File, Format Version 12.00
# Visual Studio Version 16
VisualStudioVersion = 16.0.30128.74
MinimumVisualStudioVersion = 10.0.40219.1
Project("{FAE04EC0-301F-11D3-BF4B-00C04F79EFBC}") = "HelloWorld", "HelloWorld\HelloWorld.csproj", "{288AC24E-2095-43F1-B969-7C183F45E9F1}"
EndProject
Global
	GlobalSection(SolutionConfigurationPlatforms) = preSolution
		Debug|Any CPU = Debug|Any CPU
		Release|Any CPU = Release|Any CPU
	EndGlobalSection
	GlobalSection(ProjectConfigurationPlatforms) = postSolution
		{288AC24E-2095-43F1-B969-7C183F45E9F1}.Debug|Any CPU.ActiveCfg = Debug|Any CPU
		{288AC24E-2095-43F1-B969-7C183F45E9F1}.Debug|Any CPU.Build.0 = Debug|Any CPU
		{288AC24E-2095-43F1-B969-7C183F45E9F1}.Release|Any CPU.ActiveCfg = Release|Any CPU
		{288AC24E-2095-43F1-B969-7C183F45E9F1}.Release|Any CPU.Build.0 = Release|Any CPU
	EndGlobalSection
	GlobalSection(SolutionProperties) = preSolution
		HideSolutionNode = FALSE
	EndGlobalSection
	GlobalSection(ExtensibilityGlobals) = postSolution
		SolutionGuid = {95C3CA8D-98D6-468F-BC3C-D1DA7C0EFA49}
	EndGlobalSection
EndGlobal
