
Microsoft Visual Studio Solution File, Format Version 12.00
# Visual Studio Version 16
VisualStudioVersion = 16.0.30128.74
MinimumVisualStudioVersion = 10.0.40219.1
Project("{FAE04EC0-301F-11D3-BF4B-00C04F79EFBC}") = "HelloWorld", "HelloWorld1\HelloWorld.csproj", "{452CAEDE-5227-4A2C-AB1A-9BC58B3E49BC}"
EndProject
Project("{E24C65DC-7377-472B-9ABA-BC803B73C61A}") = "HelloWorkd_old_form", "HelloWorkd_old_form\", "{16E58AF3-2350-4037-8D90-128A427DA9B9}"
	ProjectSection(WebsiteProperties) = preProject
		TargetFrameworkMoniker = ".NETFramework,Version%3Dv4.8"
		Debug.AspNetCompiler.VirtualPath = "/localhost_58292"
		Debug.AspNetCompiler.PhysicalPath = "HelloWorkd_old_form\"
		Debug.AspNetCompiler.TargetPath = "PrecompiledWeb\localhost_58292\"
		Debug.AspNetCompiler.Updateable = "true"
		Debug.AspNetCompiler.ForceOverwrite = "true"
		Debug.AspNetCompiler.FixedNames = "false"
		Debug.AspNetCompiler.Debug = "True"
		Release.AspNetCompiler.VirtualPath = "/localhost_58292"
		Release.AspNetCompiler.PhysicalPath = "HelloWorkd_old_form\"
		Release.AspNetCompiler.TargetPath = "PrecompiledWeb\localhost_58292\"
		Release.AspNetCompiler.Updateable = "true"
		Release.AspNetCompiler.ForceOverwrite = "true"
		Release.AspNetCompiler.FixedNames = "false"
		Release.AspNetCompiler.Debug = "False"
		VWDPort = "58292"
		SlnRelativePath = "HelloWorkd_old_form\"
		DefaultWebSiteLanguage = "Visual C#"
	EndProjectSection
EndProject
Global
	GlobalSection(SolutionConfigurationPlatforms) = preSolution
		Debug|Any CPU = Debug|Any CPU
		Release|Any CPU = Release|Any CPU
	EndGlobalSection
	GlobalSection(ProjectConfigurationPlatforms) = postSolution
		{452CAEDE-5227-4A2C-AB1A-9BC58B3E49BC}.Debug|Any CPU.ActiveCfg = Debug|Any CPU
		{452CAEDE-5227-4A2C-AB1A-9BC58B3E49BC}.Debug|Any CPU.Build.0 = Debug|Any CPU
		{452CAEDE-5227-4A2C-AB1A-9BC58B3E49BC}.Release|Any CPU.ActiveCfg = Release|Any CPU
		{452CAEDE-5227-4A2C-AB1A-9BC58B3E49BC}.Release|Any CPU.Build.0 = Release|Any CPU
		{16E58AF3-2350-4037-8D90-128A427DA9B9}.Debug|Any CPU.ActiveCfg = Debug|Any CPU
		{16E58AF3-2350-4037-8D90-128A427DA9B9}.Debug|Any CPU.Build.0 = Debug|Any CPU
		{16E58AF3-2350-4037-8D90-128A427DA9B9}.Release|Any CPU.ActiveCfg = Debug|Any CPU
		{16E58AF3-2350-4037-8D90-128A427DA9B9}.Release|Any CPU.Build.0 = Debug|Any CPU
	EndGlobalSection
	GlobalSection(SolutionProperties) = preSolution
		HideSolutionNode = FALSE
	EndGlobalSection
	GlobalSection(ExtensibilityGlobals) = postSolution
		SolutionGuid = {95C3CA8D-98D6-468F-BC3C-D1DA7C0EFA49}
	EndGlobalSection
EndGlobal
