
Microsoft Visual Studio Solution File, Format Version 12.00
# Visual Studio Version 16
VisualStudioVersion = 16.0.30128.74
MinimumVisualStudioVersion = 10.0.40219.1
Project("{FAE04EC0-301F-11D3-BF4B-00C04F79EFBC}") = "AppFormGenerator", "WebApplication1\AppFormGenerator.csproj", "{4A2260BE-B077-4373-B4BF-3127A876A53C}"
EndProject
Global
	GlobalSection(SolutionConfigurationPlatforms) = preSolution
		Debug|Any CPU = Debug|Any CPU
		Release|Any CPU = Release|Any CPU
	EndGlobalSection
	GlobalSection(ProjectConfigurationPlatforms) = postSolution
		{4A2260BE-B077-4373-B4BF-3127A876A53C}.Debug|Any CPU.ActiveCfg = Debug|Any CPU
		{4A2260BE-B077-4373-B4BF-3127A876A53C}.Debug|Any CPU.Build.0 = Debug|Any CPU
		{4A2260BE-B077-4373-B4BF-3127A876A53C}.Release|Any CPU.ActiveCfg = Release|Any CPU
		{4A2260BE-B077-4373-B4BF-3127A876A53C}.Release|Any CPU.Build.0 = Release|Any CPU
	EndGlobalSection
	GlobalSection(SolutionProperties) = preSolution
		HideSolutionNode = FALSE
	EndGlobalSection
	GlobalSection(ExtensibilityGlobals) = postSolution
		SolutionGuid = {95C3CA8D-98D6-468F-BC3C-D1DA7C0EFA49}
	EndGlobalSection
EndGlobal
